Microsoft Visual Studio Solution File, Format Version 11.00
# Visual Studio 2008

Project("{AF39826C-9D7B-8C32-13EE-74F76C6ADF96}") = "BrikBreaker", "Assembly-CSharp.csproj", "{EF4AF647-A191-80DD-EC8C-073EDC232AFA}"
EndProject
Global
	GlobalSection(SolutionConfigurationPlatforms) = preSolution
		Debug|Any CPU = Debug|Any CPU
		Release|Any CPU = Release|Any CPU
	EndGlobalSection
	GlobalSection(ProjectConfigurationPlatforms) = postSolution
		{EF4AF647-A191-80DD-EC8C-073EDC232AFA}.Debug|Any CPU.ActiveCfg = Debug|Any CPU
		{EF4AF647-A191-80DD-EC8C-073EDC232AFA}.Debug|Any CPU.Build.0 = Debug|Any CPU
		{EF4AF647-A191-80DD-EC8C-073EDC232AFA}.Release|Any CPU.ActiveCfg = Release|Any CPU
		{EF4AF647-A191-80DD-EC8C-073EDC232AFA}.Release|Any CPU.Build.0 = Release|Any CPU
	EndGlobalSection
	GlobalSection(SolutionProperties) = preSolution
		HideSolutionNode = FALSE
	EndGlobalSection
<<<<<<< HEAD
																																																																																																																																																			GlobalSection(MonoDevelopProperties) = preSolution
=======
																																																																																																																	GlobalSection(MonoDevelopProperties) = preSolution
>>>>>>> 7cc3cb07c16579b18c5f705b2f62100bd8f7abcc
=======
<<<<<<< HEAD
																																																																																																																		GlobalSection(MonoDevelopProperties) = preSolution
=======
																																																																																																																	GlobalSection(MonoDevelopProperties) = preSolution
>>>>>>> 7cc3cb07c16579b18c5f705b2f62100bd8f7abcc
>>>>>>> 8c1543b2efc504995227672eb83fab4625faffcf
		StartupItem = Assembly-CSharp.csproj
		Policies = $0
		$0.TextStylePolicy = $1
		$1.inheritsSet = null
		$1.scope = text/x-csharp
		$0.CSharpFormattingPolicy = $2
		$2.inheritsSet = Mono
		$2.inheritsScope = text/x-csharp
		$2.scope = text/x-csharp
		$0.TextStylePolicy = $3
		$3.FileWidth = 120
		$3.TabWidth = 4
		$3.IndentWidth = 4
		$3.EolMarker = Unix
		$3.inheritsSet = Mono
		$3.inheritsScope = text/plain
		$3.scope = text/plain
	EndGlobalSection

EndGlobal
